
Microsoft Visual Studio Solution File, Format Version 12.00
# Visual Studio Version 16
VisualStudioVersion = 16.0.30204.135
MinimumVisualStudioVersion = 10.0.40219.1
Project("{9A19103F-16F7-4668-BE54-9A1E7A4F7556}") = "ListaCursos", "ListaCursos.csproj", "{6B589E46-EA78-4270-9564-480765D7F4E7}"
EndProject
Project("{FAE04EC0-301F-11D3-BF4B-00C04F79EFBC}") = "MiPrimeraAPI", "..\MiPrimeraAPI\MiPrimeraAPI.csproj", "{30F8F1F5-817F-4910-B56F-954621DC104E}"
EndProject
Global
	GlobalSection(SolutionConfigurationPlatforms) = preSolution
		Debug|Any CPU = Debug|Any CPU
		Release|Any CPU = Release|Any CPU
	EndGlobalSection
	GlobalSection(ProjectConfigurationPlatforms) = postSolution
		{6B589E46-EA78-4270-9564-480765D7F4E7}.Debug|Any CPU.ActiveCfg = Debug|Any CPU
		{6B589E46-EA78-4270-9564-480765D7F4E7}.Debug|Any CPU.Build.0 = Debug|Any CPU
		{6B589E46-EA78-4270-9564-480765D7F4E7}.Release|Any CPU.ActiveCfg = Release|Any CPU
		{6B589E46-EA78-4270-9564-480765D7F4E7}.Release|Any CPU.Build.0 = Release|Any CPU
		{30F8F1F5-817F-4910-B56F-954621DC104E}.Debug|Any CPU.ActiveCfg = Debug|Any CPU
		{30F8F1F5-817F-4910-B56F-954621DC104E}.Debug|Any CPU.Build.0 = Debug|Any CPU
		{30F8F1F5-817F-4910-B56F-954621DC104E}.Release|Any CPU.ActiveCfg = Release|Any CPU
		{30F8F1F5-817F-4910-B56F-954621DC104E}.Release|Any CPU.Build.0 = Release|Any CPU
	EndGlobalSection
	GlobalSection(SolutionProperties) = preSolution
		HideSolutionNode = FALSE
	EndGlobalSection
	GlobalSection(ExtensibilityGlobals) = postSolution
		SolutionGuid = {4D83A768-27F5-4346-B9ED-00714562CCC4}
	EndGlobalSection
EndGlobal
